{
  "nodes": {
    "aiken": {
      "inputs": {
        "flake-utils": "flake-utils",
        "nixpkgs": "nixpkgs",
        "rust-overlay": "rust-overlay"
      },
      "locked": {
        "lastModified": 1775375963,
        "narHash": "sha256-afNpol4Y1Ho0wWWH9be5xq9/2I6fmDCNN6Fu0Yy+uPY=",
        "owner": "aiken-lang",
        "repo": "aiken",
        "rev": "168452c31b4f498e8a2983a359b4c7b96cf79035",
        "type": "github"
      },
      "original": {
        "owner": "aiken-lang",
        "repo": "aiken",
        "type": "github"
      }
    },
    "blst": {
      "flake": false,
      "locked": {
        "lastModified": 1739372843,
        "narHash": "sha256-IlbNMLBjs/dvGogcdbWQIL+3qwy7EXJbIDpo4xBd4bY=",
        "owner": "supranational",
        "repo": "blst",
        "rev": "8c7db7fe8d2ce6e76dc398ebd4d475c0ec564355",
        "type": "github"
      },
      "original": {
        "owner": "supranational",
        "ref": "v0.3.14",
        "repo": "blst",
        "type": "github"
      }
    },
    "flake-utils": {
      "inputs": {
        "systems": "systems"
      },
      "locked": {
        "lastModified": 1731533236,
        "narHash": "sha256-l0KFg5HjrsfsO/JpG+r7fRrqm12kzFHyUHqHCVpMMbI=",
        "owner": "numtide",
        "repo": "flake-utils",
        "rev": "11707dc2f618dd54ca8739b309ec4fc024de578b",
        "type": "github"
      },
      "original": {
        "owner": "numtide",
        "repo": "flake-utils",
        "type": "github"
      }
    },
    "flake-utils_2": {
      "inputs": {
        "systems": "systems_2"
      },
      "locked": {
        "lastModified": 1731533236,
        "narHash": "sha256-l0KFg5HjrsfsO/JpG+r7fRrqm12kzFHyUHqHCVpMMbI=",
        "owner": "numtide",
        "repo": "flake-utils",
        "rev": "11707dc2f618dd54ca8739b309ec4fc024de578b",
        "type": "github"
      },
      "original": {
        "owner": "numtide",
        "repo": "flake-utils",
        "type": "github"
      }
    },
    "iohkNix": {
      "inputs": {
        "blst": "blst",
        "nixpkgs": [
          "nixpkgs"
        ],
        "secp256k1": "secp256k1",
        "sodium": "sodium"
      },
      "locked": {
        "lastModified": 1774280402,
        "narHash": "sha256-bHp3Ji7c0T0RCor9FVo6yvjSPT0bVQE5EFw5JxvqZDM=",
        "owner": "input-output-hk",
        "repo": "iohk-nix",
        "rev": "f444d972c301ddd9f23eac4325ffcc8b5766eee9",
        "type": "github"
      },
      "original": {
        "owner": "input-output-hk",
        "repo": "iohk-nix",
        "type": "github"
      }
    },
    "nixpkgs": {
      "locked": {
        "lastModified": 1751984180,
        "narHash": "sha256-LwWRsENAZJKUdD3SpLluwDmdXY9F45ZEgCb0X+xgOL0=",
        "owner": "nixos",
        "repo": "nixpkgs",
        "rev": "9807714d6944a957c2e036f84b0ff8caf9930bc0",
        "type": "github"
      },
      "original": {
        "owner": "nixos",
        "ref": "nixos-unstable",
        "repo": "nixpkgs",
        "type": "github"
      }
    },
    "nixpkgs_2": {
      "locked": {
        "lastModified": 1744536153,
        "narHash": "sha256-awS2zRgF4uTwrOKwwiJcByDzDOdo3Q1rPZbiHQg/N38=",
        "owner": "NixOS",
        "repo": "nixpkgs",
        "rev": "18dd725c29603f582cf1900e0d25f9f1063dbf11",
        "type": "github"
      },
      "original": {
        "owner": "NixOS",
        "ref": "nixpkgs-unstable",
        "repo": "nixpkgs",
        "type": "github"
      }
    },
    "nixpkgs_3": {
      "locked": {
        "lastModified": 1775823930,
        "narHash": "sha256-ALT447J7FcxP/97J01A/gp/hgdO5lXRsm+zLMt+gIjc=",
        "owner": "NixOS",
        "repo": "nixpkgs",
        "rev": "8c11f88bb9573a10a7d6bf87161ef08455ac70b9",
        "type": "github"
      },
      "original": {
        "owner": "NixOS",
        "ref": "nixpkgs-unstable",
        "repo": "nixpkgs",
        "type": "github"
      }
    },
    "root": {
      "inputs": {
        "aiken": "aiken",
        "flake-utils": "flake-utils_2",
        "iohkNix": "iohkNix",
        "nixpkgs": "nixpkgs_3"
      }
    },
    "rust-overlay": {
      "inputs": {
        "nixpkgs": "nixpkgs_2"
      },
      "locked": {
        "lastModified": 1752461263,
        "narHash": "sha256-f4XVgqkWF1vSzPbOG5xvi4aAd/n1GwSNsji3mLMFwYQ=",
        "owner": "oxalica",
        "repo": "rust-overlay",
        "rev": "9cc51d100d24fb7ea13a0bee1480ee84fa12a0ad",
        "type": "github"
      },
      "original": {
        "owner": "oxalica",
        "repo": "rust-overlay",
        "type": "github"
      }
    },
    "secp256k1": {
      "flake": false,
      "locked": {
        "lastModified": 1683999695,
        "narHash": "sha256-9nJJVENMXjXEJZzw8DHzin1DkFkF8h9m/c6PuM7Uk4s=",
        "owner": "bitcoin-core",
        "repo": "secp256k1",
        "rev": "acf5c55ae6a94e5ca847e07def40427547876101",
        "type": "github"
      },
      "original": {
        "owner": "bitcoin-core",
        "ref": "v0.3.2",
        "repo": "secp256k1",
        "type": "github"
      }
    },
    "sodium": {
      "flake": false,
      "locked": {
        "lastModified": 1675156279,
        "narHash": "sha256-0uRcN5gvMwO7MCXVYnoqG/OmeBFi8qRVnDWJLnBb9+Y=",
        "owner": "input-output-hk",
        "repo": "libsodium",
        "rev": "dbb48cce5429cb6585c9034f002568964f1ce567",
        "type": "github"
      },
      "original": {
        "owner": "input-output-hk",
        "repo": "libsodium",
        "rev": "dbb48cce5429cb6585c9034f002568964f1ce567",
        "type": "github"
      }
    },
    "systems": {
      "locked": {
        "lastModified": 1681028828,
        "narHash": "sha256-Vy1rq5AaRuLzOxct8nz4T6wlgyUR7zLU309k9mBC768=",
        "owner": "nix-systems",
        "repo": "default",
        "rev": "da67096a3b9bf56a91d16901293e51ba5b49a27e",
        "type": "github"
      },
      "original": {
        "owner": "nix-systems",
        "repo": "default",
        "type": "github"
      }
    },
    "systems_2": {
      "locked": {
        "lastModified": 1681028828,
        "narHash": "sha256-Vy1rq5AaRuLzOxct8nz4T6wlgyUR7zLU309k9mBC768=",
        "owner": "nix-systems",
        "repo": "default",
        "rev": "da67096a3b9bf56a91d16901293e51ba5b49a27e",
        "type": "github"
      },
      "original": {
        "owner": "nix-systems",
        "repo": "default",
        "type": "github"
      }
    }
  },
  "root": "root",
  "version": 7
}
